
Microsoft Visual Studio Solution File, Format Version 12.00
# Visual Studio Version 17
VisualStudioVersion = 17.3.32804.467
MinimumVisualStudioVersion = 10.0.40219.1
Project("{FAE04EC0-301F-11D3-BF4B-00C04F79EFBC}") = "Library_Project", "Library_Project\Library_Project.csproj", "{652D97EF-B2F8-4E52-A0E1-D02484481138}"
EndProject
Project("{FAE04EC0-301F-11D3-BF4B-00C04F79EFBC}") = "Repository_Domain", "Repository_Domain\Repository_Domain.csproj", "{C65AF8BA-FDEC-44AB-B8BF-23DBAA49EA7E}"
EndProject
Project("{FAE04EC0-301F-11D3-BF4B-00C04F79EFBC}") = "Repository_Source”", "Repository_Source”\Repository_Source”.csproj", "{5E67AEA3-D983-4C28-B6A5-238423C4E268}"
EndProject
Project("{FAE04EC0-301F-11D3-BF4B-00C04F79EFBC}") = "Repository_Pattern", "Repository_Pattern\Repository_Pattern.csproj", "{64578F7D-02D4-4E28-B839-BF24FAA5FDC0}"
EndProject
Global
	GlobalSection(SolutionConfigurationPlatforms) = preSolution
		Debug|Any CPU = Debug|Any CPU
		Release|Any CPU = Release|Any CPU
	EndGlobalSection
	GlobalSection(ProjectConfigurationPlatforms) = postSolution
		{652D97EF-B2F8-4E52-A0E1-D02484481138}.Debug|Any CPU.ActiveCfg = Debug|Any CPU
		{652D97EF-B2F8-4E52-A0E1-D02484481138}.Debug|Any CPU.Build.0 = Debug|Any CPU
		{652D97EF-B2F8-4E52-A0E1-D02484481138}.Release|Any CPU.ActiveCfg = Release|Any CPU
		{652D97EF-B2F8-4E52-A0E1-D02484481138}.Release|Any CPU.Build.0 = Release|Any CPU
		{C65AF8BA-FDEC-44AB-B8BF-23DBAA49EA7E}.Debug|Any CPU.ActiveCfg = Debug|Any CPU
		{C65AF8BA-FDEC-44AB-B8BF-23DBAA49EA7E}.Debug|Any CPU.Build.0 = Debug|Any CPU
		{C65AF8BA-FDEC-44AB-B8BF-23DBAA49EA7E}.Release|Any CPU.ActiveCfg = Release|Any CPU
		{C65AF8BA-FDEC-44AB-B8BF-23DBAA49EA7E}.Release|Any CPU.Build.0 = Release|Any CPU
		{5E67AEA3-D983-4C28-B6A5-238423C4E268}.Debug|Any CPU.ActiveCfg = Debug|Any CPU
		{5E67AEA3-D983-4C28-B6A5-238423C4E268}.Debug|Any CPU.Build.0 = Debug|Any CPU
		{5E67AEA3-D983-4C28-B6A5-238423C4E268}.Release|Any CPU.ActiveCfg = Release|Any CPU
		{5E67AEA3-D983-4C28-B6A5-238423C4E268}.Release|Any CPU.Build.0 = Release|Any CPU
		{64578F7D-02D4-4E28-B839-BF24FAA5FDC0}.Debug|Any CPU.ActiveCfg = Debug|Any CPU
		{64578F7D-02D4-4E28-B839-BF24FAA5FDC0}.Debug|Any CPU.Build.0 = Debug|Any CPU
		{64578F7D-02D4-4E28-B839-BF24FAA5FDC0}.Release|Any CPU.ActiveCfg = Release|Any CPU
		{64578F7D-02D4-4E28-B839-BF24FAA5FDC0}.Release|Any CPU.Build.0 = Release|Any CPU
	EndGlobalSection
	GlobalSection(SolutionProperties) = preSolution
		HideSolutionNode = FALSE
	EndGlobalSection
	GlobalSection(ExtensibilityGlobals) = postSolution
		SolutionGuid = {CCDC1118-34AD-4634-AB3A-F178305D9EF6}
	EndGlobalSection
EndGlobal
